
Microsoft Visual Studio Solution File, Format Version 12.00
# Visual Studio Version 16
VisualStudioVersion = 16.0.31205.134
MinimumVisualStudioVersion = 10.0.40219.1
Project("{9A19103F-16F7-4668-BE54-9A1E7A4F7556}") = "MyConsoleApp", "MyConsoleApp.csproj", "{47FEFA0B-775C-4D3C-B5D4-CE8D123FE57F}"
EndProject
Project("{9A19103F-16F7-4668-BE54-9A1E7A4F7556}") = "_build", "..\build\_build.csproj", "{3CAF94D4-DB53-45ED-A65C-F1F5657C44A3}"
EndProject
Project("{FAE04EC0-301F-11D3-BF4B-00C04F79EFBC}") = "Nuke.Tasks", "..\Nuke.Tasks\Nuke.Tasks.csproj", "{EADAAAA2-BC6D-46EC-80B4-33DD4419E353}"
EndProject
Global
	GlobalSection(SolutionConfigurationPlatforms) = preSolution
		Debug|Any CPU = Debug|Any CPU
		Release|Any CPU = Release|Any CPU
	EndGlobalSection
	GlobalSection(ProjectConfigurationPlatforms) = postSolution
		{47FEFA0B-775C-4D3C-B5D4-CE8D123FE57F}.Debug|Any CPU.ActiveCfg = Debug|Any CPU
		{47FEFA0B-775C-4D3C-B5D4-CE8D123FE57F}.Debug|Any CPU.Build.0 = Debug|Any CPU
		{47FEFA0B-775C-4D3C-B5D4-CE8D123FE57F}.Release|Any CPU.ActiveCfg = Release|Any CPU
		{47FEFA0B-775C-4D3C-B5D4-CE8D123FE57F}.Release|Any CPU.Build.0 = Release|Any CPU
		{3CAF94D4-DB53-45ED-A65C-F1F5657C44A3}.Debug|Any CPU.ActiveCfg = Debug|Any CPU
		{3CAF94D4-DB53-45ED-A65C-F1F5657C44A3}.Release|Any CPU.ActiveCfg = Release|Any CPU
		{EADAAAA2-BC6D-46EC-80B4-33DD4419E353}.Debug|Any CPU.ActiveCfg = Debug|Any CPU
		{EADAAAA2-BC6D-46EC-80B4-33DD4419E353}.Debug|Any CPU.Build.0 = Debug|Any CPU
		{EADAAAA2-BC6D-46EC-80B4-33DD4419E353}.Release|Any CPU.ActiveCfg = Release|Any CPU
		{EADAAAA2-BC6D-46EC-80B4-33DD4419E353}.Release|Any CPU.Build.0 = Release|Any CPU
	EndGlobalSection
	GlobalSection(SolutionProperties) = preSolution
		HideSolutionNode = FALSE
	EndGlobalSection
	GlobalSection(ExtensibilityGlobals) = postSolution
		SolutionGuid = {E7971B37-9AA4-4B24-BAB8-ED3C35B669DC}
	EndGlobalSection
EndGlobal
